PODS:
  - CellViewModel (1.4.0)
  - Kingfisher (5.3.1)
  - SnapKit (4.2.0)
  - SpecialFor (0.4.0):
    - SpecialFor/AppEnvironment (= 0.4.0)
    - SpecialFor/AVFoundation (= 0.4.0)
    - SpecialFor/Coordinator (= 0.4.0)
    - SpecialFor/Core (= 0.4.0)
    - SpecialFor/DataDriven (= 0.4.0)
    - SpecialFor/Photos (= 0.4.0)
    - SpecialFor/UIKit (= 0.4.0)
  - SpecialFor/AppEnvironment (0.4.0)
  - SpecialFor/AVFoundation (0.4.0)
  - SpecialFor/Coordinator (0.4.0)
  - SpecialFor/Core (0.4.0):
    - SpecialFor/Core/Closure (= 0.4.0)
    - SpecialFor/Core/GCD (= 0.4.0)
    - SpecialFor/Core/Result (= 0.4.0)
  - SpecialFor/Core/Closure (0.4.0)
  - SpecialFor/Core/GCD (0.4.0):
    - SpecialFor/Core/Closure
  - SpecialFor/Core/Result (0.4.0):
    - SpecialFor/Core/Closure
  - SpecialFor/DataDriven (0.4.0):
    - SnapKit (= 4.2.0)
    - SpecialFor/UIKit/Renderable
    - SpecialFor/UIKit/Setupable
  - SpecialFor/Photos (0.4.0)
  - SpecialFor/UIKit (0.4.0):
    - SpecialFor/UIKit/Accessories (= 0.4.0)
    - SpecialFor/UIKit/AlignableLabel (= 0.4.0)
    - SpecialFor/UIKit/Animation (= 0.4.0)
    - SpecialFor/UIKit/Backable (= 0.4.0)
    - SpecialFor/UIKit/BannerWindow (= 0.4.0)
    - SpecialFor/UIKit/EmptyStateTableViewDS (= 0.4.0)
    - SpecialFor/UIKit/FastScroll (= 0.4.0)
    - SpecialFor/UIKit/GifLoaderView (= 0.4.0)
    - SpecialFor/UIKit/Gradient (= 0.4.0)
    - SpecialFor/UIKit/ImageAlertViewController (= 0.4.0)
    - SpecialFor/UIKit/ImagePlaceholderTextField (= 0.4.0)
    - SpecialFor/UIKit/ImagesView (= 0.4.0)
    - SpecialFor/UIKit/LinkTextField (= 0.4.0)
    - SpecialFor/UIKit/Loadable (= 0.4.0)
    - SpecialFor/UIKit/MaterialTextInput (= 0.4.0)
    - SpecialFor/UIKit/PartialCheckableButton (= 0.4.0)
    - SpecialFor/UIKit/Renderable (= 0.4.0)
    - SpecialFor/UIKit/SeparatorView (= 0.4.0)
    - SpecialFor/UIKit/Setupable (= 0.4.0)
    - SpecialFor/UIKit/TableViewManager (= 0.4.0)
    - SpecialFor/UIKit/TextField (= 0.4.0)
    - SpecialFor/UIKit/View (= 0.4.0)
  - SpecialFor/UIKit/Accessories (0.4.0):
    - SpecialFor/UIKit/Gradient
    - SpecialFor/UIKit/SeparatorView
  - SpecialFor/UIKit/AlignableLabel (0.4.0)
  - SpecialFor/UIKit/Animation (0.4.0)
  - SpecialFor/UIKit/Backable (0.4.0)
  - SpecialFor/UIKit/BannerWindow (0.4.0):
    - SnapKit (= 4.2.0)
  - SpecialFor/UIKit/EmptyStateTableViewDS (0.4.0):
    - SnapKit (= 4.2.0)
    - SpecialFor/UIKit/View
  - SpecialFor/UIKit/FastScroll (0.4.0):
    - SnapKit (= 4.2.0)
    - SpecialFor/UIKit/View
  - SpecialFor/UIKit/GifLoaderView (0.4.0):
    - SnapKit (= 4.2.0)
    - SpecialFor/UIKit/Renderable
    - SpecialFor/UIKit/View
    - SwiftGifOrigin (= 1.7.0)
  - SpecialFor/UIKit/Gradient (0.4.0)
  - SpecialFor/UIKit/ImageAlertViewController (0.4.0):
    - SnapKit (= 4.2.0)
    - SpecialFor/UIKit/Setupable
  - SpecialFor/UIKit/ImagePlaceholderTextField (0.4.0):
    - SnapKit (= 4.2.0)
    - SpecialFor/UIKit/TextField
    - SpecialFor/UIKit/View
  - SpecialFor/UIKit/ImagesView (0.4.0):
    - Kingfisher (= 5.3.1)
    - SnapKit (= 4.2.0)
    - SpecialFor/UIKit/View
  - SpecialFor/UIKit/LinkTextField (0.4.0):
    - SpecialFor/UIKit/MaterialTextInput
  - SpecialFor/UIKit/Loadable (0.4.0):
    - SnapKit (= 4.2.0)
    - SpecialFor/UIKit/Renderable
  - SpecialFor/UIKit/MaterialTextInput (0.4.0):
    - SnapKit (= 4.2.0)
    - SpecialFor/UIKit/TextField
    - SpecialFor/UIKit/View
  - SpecialFor/UIKit/PartialCheckableButton (0.4.0):
    - SnapKit (= 4.2.0)
    - SpecialFor/UIKit/View
  - SpecialFor/UIKit/Renderable (0.4.0)
  - SpecialFor/UIKit/SeparatorView (0.4.0):
    - SnapKit (= 4.2.0)
    - SpecialFor/UIKit/View
  - SpecialFor/UIKit/Setupable (0.4.0)
  - SpecialFor/UIKit/TableViewManager (0.4.0):
    - CellViewModel
  - SpecialFor/UIKit/TextField (0.4.0):
    - SpecialFor/Core/Closure
  - SpecialFor/UIKit/View (0.4.0):
    - SpecialFor/UIKit/Setupable
  - SwiftGifOrigin (1.7.0)

DEPENDENCIES:
  - SpecialFor (from `../`)

SPEC REPOS:
  https://github.com/cocoapods/specs.git:
    - CellViewModel
    - Kingfisher
    - SnapKit
    - SwiftGifOrigin

EXTERNAL SOURCES:
  SpecialFor:
    :path: "../"

SPEC CHECKSUMS:
  CellViewModel: d8d750ed7402098acd6af857777a087fc5bcffa7
  Kingfisher: d9e7e0b209b59b8f9873aa2f37654e81a7beea51
  SnapKit: fe8a619752f3f27075cc9a90244d75c6c3f27e2a
  SpecialFor: a09c42b0a8a8c6a28afeb3aaa80369e375901060
  SwiftGifOrigin: fbd6cf37afcfcf97a5c3db996ddc0492e5c5c145

PODFILE CHECKSUM: 766f7b70e5b1ac7c97824918187d1e9cb80c89b7

COCOAPODS: 1.6.1
