PODS:
  - SnapKit (4.2.0)
  - SpecialFor/Photos (0.1.0):
    - SnapKit

DEPENDENCIES:
  - SpecialFor/Photos (from `../`)

SPEC REPOS:
  https://github.com/cocoapods/specs.git:
    - SnapKit

EXTERNAL SOURCES:
  SpecialFor:
    :path: "../"

SPEC CHECKSUMS:
  SnapKit: fe8a619752f3f27075cc9a90244d75c6c3f27e2a
  SpecialFor: c3b8d2c5fccbcc7e68c6e2c7e74c2a6c6845244e

PODFILE CHECKSUM: bba3386a98dda007b5abf68a9ffc8bdb104d51e1

COCOAPODS: 1.6.1
